
Microsoft Visual Studio Solution File, Format Version 12.00
# Visual Studio Version 17
VisualStudioVersion = 17.9.34701.34
MinimumVisualStudioVersion = 10.0.40219.1
Project("{FAE04EC0-301F-11D3-BF4B-00C04F79EFBC}") = "ClassLibrary1", "ClassLibrary1.csproj", "{ECA9EFE2-6979-46CB-9ACA-B278EBC32921}"
EndProject
Project("{FAE04EC0-301F-11D3-BF4B-00C04F79EFBC}") = "ClassLibrary2", "..\ClassLibrary2\ClassLibrary2.csproj", "{00368A2A-79C2-48C4-AC11-EB938D66504C}"
EndProject
Global
	GlobalSection(SolutionConfigurationPlatforms) = preSolution
		Debug|Any CPU = Debug|Any CPU
		Release|Any CPU = Release|Any CPU
	EndGlobalSection
	GlobalSection(ProjectConfigurationPlatforms) = postSolution
		{ECA9EFE2-6979-46CB-9ACA-B278EBC32921}.Debug|Any CPU.ActiveCfg = Debug|Any CPU
		{ECA9EFE2-6979-46CB-9ACA-B278EBC32921}.Debug|Any CPU.Build.0 = Debug|Any CPU
		{ECA9EFE2-6979-46CB-9ACA-B278EBC32921}.Release|Any CPU.ActiveCfg = Release|Any CPU
		{ECA9EFE2-6979-46CB-9ACA-B278EBC32921}.Release|Any CPU.Build.0 = Release|Any CPU
		{00368A2A-79C2-48C4-AC11-EB938D66504C}.Debug|Any CPU.ActiveCfg = Debug|Any CPU
		{00368A2A-79C2-48C4-AC11-EB938D66504C}.Debug|Any CPU.Build.0 = Debug|Any CPU
		{00368A2A-79C2-48C4-AC11-EB938D66504C}.Release|Any CPU.ActiveCfg = Release|Any CPU
		{00368A2A-79C2-48C4-AC11-EB938D66504C}.Release|Any CPU.Build.0 = Release|Any CPU
	EndGlobalSection
	GlobalSection(SolutionProperties) = preSolution
		HideSolutionNode = FALSE
	EndGlobalSection
	GlobalSection(ExtensibilityGlobals) = postSolution
		SolutionGuid = {F4A009F6-A6F3-4770-BD25-CFADDA1406E0}
	EndGlobalSection
EndGlobal
